
Microsoft Visual Studio Solution File, Format Version 12.00
# Visual Studio Version 17
VisualStudioVersion = 17.1.32228.430
MinimumVisualStudioVersion = 10.0.40219.1
Project("{FAE04EC0-301F-11D3-BF4B-00C04F79EFBC}") = "Nikan.Services.Identity.Admin", "src\Nikan.Services.Identity.Admin\Nikan.Services.Identity.Admin.csproj", "{DAD7CB46-3510-4AEE-A6E5-0BD80AACC72C}"
EndProject
Project("{FAE04EC0-301F-11D3-BF4B-00C04F79EFBC}") = "Nikan.Services.Identity.STS.Identity", "src\Nikan.Services.Identity.STS.Identity\Nikan.Services.Identity.STS.Identity.csproj", "{9A86CE5F-4556-4718-9E87-E7D8D8982523}"
EndProject
Project("{FAE04EC0-301F-11D3-BF4B-00C04F79EFBC}") = "Nikan.Services.Identity.Admin.Api", "src\Nikan.Services.Identity.Admin.Api\Nikan.Services.Identity.Admin.Api.csproj", "{A3D9ABD8-1FFB-4ACA-BD2C-2175FE0B3E70}"
EndProject
Project("{FAE04EC0-301F-11D3-BF4B-00C04F79EFBC}") = "Nikan.Services.Identity.Admin.EntityFramework.Shared", "src\Nikan.Services.Identity.Admin.EntityFramework.Shared\Nikan.Services.Identity.Admin.EntityFramework.Shared.csproj", "{4FB3EE9F-6F07-4AB7-821C-F4F0C65CC109}"
EndProject
Project("{FAE04EC0-301F-11D3-BF4B-00C04F79EFBC}") = "Nikan.Services.Identity.Admin.EntityFramework.MySql", "src\Nikan.Services.Identity.Admin.EntityFramework.MySql\Nikan.Services.Identity.Admin.EntityFramework.MySql.csproj", "{8E1FBB05-D91B-4E11-BDD4-A7040F8096F6}"
EndProject
Project("{FAE04EC0-301F-11D3-BF4B-00C04F79EFBC}") = "Nikan.Services.Identity.Admin.EntityFramework.PostgreSQL", "src\Nikan.Services.Identity.Admin.EntityFramework.PostgreSQL\Nikan.Services.Identity.Admin.EntityFramework.PostgreSQL.csproj", "{C16AD587-FC33-447B-9EBF-7EB5CC727DA4}"
EndProject
Project("{FAE04EC0-301F-11D3-BF4B-00C04F79EFBC}") = "Nikan.Services.Identity.Admin.EntityFramework.SqlServer", "src\Nikan.Services.Identity.Admin.EntityFramework.SqlServer\Nikan.Services.Identity.Admin.EntityFramework.SqlServer.csproj", "{622B98AA-5F9B-476E-A257-1F101AF34DEB}"
EndProject
Project("{FAE04EC0-301F-11D3-BF4B-00C04F79EFBC}") = "Nikan.Services.Identity.Shared", "src\Nikan.Services.Identity.Shared\Nikan.Services.Identity.Shared.csproj", "{E6D10FC7-F232-4D96-8063-F79B1B33CAD6}"
EndProject
Global
	GlobalSection(SolutionConfigurationPlatforms) = preSolution
		Debug|Any CPU = Debug|Any CPU
		Release|Any CPU = Release|Any CPU
	EndGlobalSection
	GlobalSection(ProjectConfigurationPlatforms) = postSolution
		{DAD7CB46-3510-4AEE-A6E5-0BD80AACC72C}.Debug|Any CPU.ActiveCfg = Debug|Any CPU
		{DAD7CB46-3510-4AEE-A6E5-0BD80AACC72C}.Debug|Any CPU.Build.0 = Debug|Any CPU
		{DAD7CB46-3510-4AEE-A6E5-0BD80AACC72C}.Release|Any CPU.ActiveCfg = Release|Any CPU
		{DAD7CB46-3510-4AEE-A6E5-0BD80AACC72C}.Release|Any CPU.Build.0 = Release|Any CPU
		{9A86CE5F-4556-4718-9E87-E7D8D8982523}.Debug|Any CPU.ActiveCfg = Debug|Any CPU
		{9A86CE5F-4556-4718-9E87-E7D8D8982523}.Debug|Any CPU.Build.0 = Debug|Any CPU
		{9A86CE5F-4556-4718-9E87-E7D8D8982523}.Release|Any CPU.ActiveCfg = Release|Any CPU
		{9A86CE5F-4556-4718-9E87-E7D8D8982523}.Release|Any CPU.Build.0 = Release|Any CPU
		{A3D9ABD8-1FFB-4ACA-BD2C-2175FE0B3E70}.Debug|Any CPU.ActiveCfg = Debug|Any CPU
		{A3D9ABD8-1FFB-4ACA-BD2C-2175FE0B3E70}.Debug|Any CPU.Build.0 = Debug|Any CPU
		{A3D9ABD8-1FFB-4ACA-BD2C-2175FE0B3E70}.Release|Any CPU.ActiveCfg = Release|Any CPU
		{A3D9ABD8-1FFB-4ACA-BD2C-2175FE0B3E70}.Release|Any CPU.Build.0 = Release|Any CPU
		{4FB3EE9F-6F07-4AB7-821C-F4F0C65CC109}.Debug|Any CPU.ActiveCfg = Debug|Any CPU
		{4FB3EE9F-6F07-4AB7-821C-F4F0C65CC109}.Debug|Any CPU.Build.0 = Debug|Any CPU
		{4FB3EE9F-6F07-4AB7-821C-F4F0C65CC109}.Release|Any CPU.ActiveCfg = Release|Any CPU
		{4FB3EE9F-6F07-4AB7-821C-F4F0C65CC109}.Release|Any CPU.Build.0 = Release|Any CPU
		{8E1FBB05-D91B-4E11-BDD4-A7040F8096F6}.Debug|Any CPU.ActiveCfg = Debug|Any CPU
		{8E1FBB05-D91B-4E11-BDD4-A7040F8096F6}.Debug|Any CPU.Build.0 = Debug|Any CPU
		{8E1FBB05-D91B-4E11-BDD4-A7040F8096F6}.Release|Any CPU.ActiveCfg = Release|Any CPU
		{8E1FBB05-D91B-4E11-BDD4-A7040F8096F6}.Release|Any CPU.Build.0 = Release|Any CPU
		{C16AD587-FC33-447B-9EBF-7EB5CC727DA4}.Debug|Any CPU.ActiveCfg = Debug|Any CPU
		{C16AD587-FC33-447B-9EBF-7EB5CC727DA4}.Debug|Any CPU.Build.0 = Debug|Any CPU
		{C16AD587-FC33-447B-9EBF-7EB5CC727DA4}.Release|Any CPU.ActiveCfg = Release|Any CPU
		{C16AD587-FC33-447B-9EBF-7EB5CC727DA4}.Release|Any CPU.Build.0 = Release|Any CPU
		{622B98AA-5F9B-476E-A257-1F101AF34DEB}.Debug|Any CPU.ActiveCfg = Debug|Any CPU
		{622B98AA-5F9B-476E-A257-1F101AF34DEB}.Debug|Any CPU.Build.0 = Debug|Any CPU
		{622B98AA-5F9B-476E-A257-1F101AF34DEB}.Release|Any CPU.ActiveCfg = Release|Any CPU
		{622B98AA-5F9B-476E-A257-1F101AF34DEB}.Release|Any CPU.Build.0 = Release|Any CPU
		{E6D10FC7-F232-4D96-8063-F79B1B33CAD6}.Debug|Any CPU.ActiveCfg = Debug|Any CPU
		{E6D10FC7-F232-4D96-8063-F79B1B33CAD6}.Debug|Any CPU.Build.0 = Debug|Any CPU
		{E6D10FC7-F232-4D96-8063-F79B1B33CAD6}.Release|Any CPU.ActiveCfg = Release|Any CPU
		{E6D10FC7-F232-4D96-8063-F79B1B33CAD6}.Release|Any CPU.Build.0 = Release|Any CPU
	EndGlobalSection
	GlobalSection(SolutionProperties) = preSolution
		HideSolutionNode = FALSE
	EndGlobalSection
	GlobalSection(ExtensibilityGlobals) = postSolution
		SolutionGuid = {6D22D364-0CEE-47F9-A2E3-E62E39B47CBF}
	EndGlobalSection
EndGlobal
